
Microsoft Visual Studio Solution File, Format Version 12.00
# Visual Studio 15
Project("{FAE04EC0-301F-11D3-BF4B-00C04F79EFBC}") = "PullToRefreshTest.Android", "PullToRefreshTest.Android\PullToRefreshTest.Android.csproj", "{03EBC4F0-8612-4ECB-B33D-4C77B52B1CE2}"
EndProject
Project("{FAE04EC0-301F-11D3-BF4B-00C04F79EFBC}") = "PullToRefreshTest.iOS", "PullToRefreshTest.iOS\PullToRefreshTest.iOS.csproj", "{FEB84AA1-A4E0-4939-B081-C008FFCC8D58}"
EndProject
Project("{FAE04EC0-301F-11D3-BF4B-00C04F79EFBC}") = "PullToRefreshTest", "PullToRefreshTest\PullToRefreshTest.csproj", "{04272B1E-7C16-4AB2-A67D-628F6821209F}"
EndProject
Global
	GlobalSection(SolutionConfigurationPlatforms) = preSolution
		Debug|Any CPU = Debug|Any CPU
		Release|Any CPU = Release|Any CPU
		Debug|iPhoneSimulator = Debug|iPhoneSimulator
		Release|iPhoneSimulator = Release|iPhoneSimulator
		Debug|iPhone = Debug|iPhone
		Release|iPhone = Release|iPhone
		Ad-Hoc|iPhone = Ad-Hoc|iPhone
		AppStore|iPhone = AppStore|iPhone
	EndGlobalSection
	GlobalSection(ProjectConfigurationPlatforms) = postSolution
		{03EBC4F0-8612-4ECB-B33D-4C77B52B1CE2}.Debug|Any CPU.ActiveCfg = Debug|Any CPU
		{03EBC4F0-8612-4ECB-B33D-4C77B52B1CE2}.Debug|Any CPU.Build.0 = Debug|Any CPU
		{03EBC4F0-8612-4ECB-B33D-4C77B52B1CE2}.Release|Any CPU.ActiveCfg = Release|Any CPU
		{03EBC4F0-8612-4ECB-B33D-4C77B52B1CE2}.Release|Any CPU.Build.0 = Release|Any CPU
		{03EBC4F0-8612-4ECB-B33D-4C77B52B1CE2}.Debug|iPhoneSimulator.ActiveCfg = Debug|Any CPU
		{03EBC4F0-8612-4ECB-B33D-4C77B52B1CE2}.Debug|iPhoneSimulator.Build.0 = Debug|Any CPU
		{03EBC4F0-8612-4ECB-B33D-4C77B52B1CE2}.Release|iPhoneSimulator.ActiveCfg = Release|Any CPU
		{03EBC4F0-8612-4ECB-B33D-4C77B52B1CE2}.Release|iPhoneSimulator.Build.0 = Release|Any CPU
		{03EBC4F0-8612-4ECB-B33D-4C77B52B1CE2}.Debug|iPhone.ActiveCfg = Debug|Any CPU
		{03EBC4F0-8612-4ECB-B33D-4C77B52B1CE2}.Debug|iPhone.Build.0 = Debug|Any CPU
		{03EBC4F0-8612-4ECB-B33D-4C77B52B1CE2}.Release|iPhone.ActiveCfg = Release|Any CPU
		{03EBC4F0-8612-4ECB-B33D-4C77B52B1CE2}.Release|iPhone.Build.0 = Release|Any CPU
		{03EBC4F0-8612-4ECB-B33D-4C77B52B1CE2}.Ad-Hoc|iPhone.ActiveCfg = Debug|Any CPU
		{03EBC4F0-8612-4ECB-B33D-4C77B52B1CE2}.Ad-Hoc|iPhone.Build.0 = Debug|Any CPU
		{03EBC4F0-8612-4ECB-B33D-4C77B52B1CE2}.AppStore|iPhone.ActiveCfg = Debug|Any CPU
		{03EBC4F0-8612-4ECB-B33D-4C77B52B1CE2}.AppStore|iPhone.Build.0 = Debug|Any CPU
		{FEB84AA1-A4E0-4939-B081-C008FFCC8D58}.Debug|Any CPU.ActiveCfg = Debug|iPhoneSimulator
		{FEB84AA1-A4E0-4939-B081-C008FFCC8D58}.Debug|Any CPU.Build.0 = Debug|iPhoneSimulator
		{FEB84AA1-A4E0-4939-B081-C008FFCC8D58}.Release|Any CPU.ActiveCfg = Release|iPhoneSimulator
		{FEB84AA1-A4E0-4939-B081-C008FFCC8D58}.Release|Any CPU.Build.0 = Release|iPhoneSimulator
		{FEB84AA1-A4E0-4939-B081-C008FFCC8D58}.Debug|iPhoneSimulator.ActiveCfg = Debug|iPhoneSimulator
		{FEB84AA1-A4E0-4939-B081-C008FFCC8D58}.Debug|iPhoneSimulator.Build.0 = Debug|iPhoneSimulator
		{FEB84AA1-A4E0-4939-B081-C008FFCC8D58}.Release|iPhoneSimulator.ActiveCfg = Release|iPhoneSimulator
		{FEB84AA1-A4E0-4939-B081-C008FFCC8D58}.Release|iPhoneSimulator.Build.0 = Release|iPhoneSimulator
		{FEB84AA1-A4E0-4939-B081-C008FFCC8D58}.Debug|iPhone.ActiveCfg = Debug|iPhone
		{FEB84AA1-A4E0-4939-B081-C008FFCC8D58}.Debug|iPhone.Build.0 = Debug|iPhone
		{FEB84AA1-A4E0-4939-B081-C008FFCC8D58}.Release|iPhone.ActiveCfg = Release|iPhone
		{FEB84AA1-A4E0-4939-B081-C008FFCC8D58}.Release|iPhone.Build.0 = Release|iPhone
		{FEB84AA1-A4E0-4939-B081-C008FFCC8D58}.Ad-Hoc|iPhone.ActiveCfg = Ad-Hoc|iPhone
		{FEB84AA1-A4E0-4939-B081-C008FFCC8D58}.Ad-Hoc|iPhone.Build.0 = Ad-Hoc|iPhone
		{FEB84AA1-A4E0-4939-B081-C008FFCC8D58}.AppStore|iPhone.ActiveCfg = AppStore|iPhone
		{FEB84AA1-A4E0-4939-B081-C008FFCC8D58}.AppStore|iPhone.Build.0 = AppStore|iPhone
		{04272B1E-7C16-4AB2-A67D-628F6821209F}.Debug|Any CPU.ActiveCfg = Debug|Any CPU
		{04272B1E-7C16-4AB2-A67D-628F6821209F}.Debug|Any CPU.Build.0 = Debug|Any CPU
		{04272B1E-7C16-4AB2-A67D-628F6821209F}.Release|Any CPU.ActiveCfg = Release|Any CPU
		{04272B1E-7C16-4AB2-A67D-628F6821209F}.Release|Any CPU.Build.0 = Release|Any CPU
		{04272B1E-7C16-4AB2-A67D-628F6821209F}.Debug|iPhoneSimulator.ActiveCfg = Debug|Any CPU
		{04272B1E-7C16-4AB2-A67D-628F6821209F}.Debug|iPhoneSimulator.Build.0 = Debug|Any CPU
		{04272B1E-7C16-4AB2-A67D-628F6821209F}.Release|iPhoneSimulator.ActiveCfg = Release|Any CPU
		{04272B1E-7C16-4AB2-A67D-628F6821209F}.Release|iPhoneSimulator.Build.0 = Release|Any CPU
		{04272B1E-7C16-4AB2-A67D-628F6821209F}.Debug|iPhone.ActiveCfg = Debug|Any CPU
		{04272B1E-7C16-4AB2-A67D-628F6821209F}.Debug|iPhone.Build.0 = Debug|Any CPU
		{04272B1E-7C16-4AB2-A67D-628F6821209F}.Release|iPhone.ActiveCfg = Release|Any CPU
		{04272B1E-7C16-4AB2-A67D-628F6821209F}.Release|iPhone.Build.0 = Release|Any CPU
		{04272B1E-7C16-4AB2-A67D-628F6821209F}.Ad-Hoc|iPhone.ActiveCfg = Debug|Any CPU
		{04272B1E-7C16-4AB2-A67D-628F6821209F}.Ad-Hoc|iPhone.Build.0 = Debug|Any CPU
		{04272B1E-7C16-4AB2-A67D-628F6821209F}.AppStore|iPhone.ActiveCfg = Debug|Any CPU
		{04272B1E-7C16-4AB2-A67D-628F6821209F}.AppStore|iPhone.Build.0 = Debug|Any CPU
	EndGlobalSection
EndGlobal
