
Microsoft Visual Studio Solution File, Format Version 12.00
# Visual Studio 15
Project("{FAE04EC0-301F-11D3-BF4B-00C04F79EFBC}") = "SfImageEditorTest.Android", "SfImageEditorTest.Android\SfImageEditorTest.Android.csproj", "{D338FD9F-262B-41BE-BABD-D73BA4626FDF}"
EndProject
Project("{FAE04EC0-301F-11D3-BF4B-00C04F79EFBC}") = "SfImageEditorTest.iOS", "SfImageEditorTest.iOS\SfImageEditorTest.iOS.csproj", "{F634E2C6-1268-4E51-ABD1-C94271CA6EF9}"
EndProject
Project("{FAE04EC0-301F-11D3-BF4B-00C04F79EFBC}") = "SfImageEditorTest", "SfImageEditorTest\SfImageEditorTest.csproj", "{D9C64790-FCC5-404A-A3AC-901DF227E435}"
EndProject
Global
	GlobalSection(SolutionConfigurationPlatforms) = preSolution
		Debug|Any CPU = Debug|Any CPU
		Release|Any CPU = Release|Any CPU
		Debug|iPhoneSimulator = Debug|iPhoneSimulator
		Release|iPhoneSimulator = Release|iPhoneSimulator
		Debug|iPhone = Debug|iPhone
		Release|iPhone = Release|iPhone
		Ad-Hoc|iPhone = Ad-Hoc|iPhone
		AppStore|iPhone = AppStore|iPhone
	EndGlobalSection
	GlobalSection(ProjectConfigurationPlatforms) = postSolution
		{D338FD9F-262B-41BE-BABD-D73BA4626FDF}.Debug|Any CPU.ActiveCfg = Debug|Any CPU
		{D338FD9F-262B-41BE-BABD-D73BA4626FDF}.Debug|Any CPU.Build.0 = Debug|Any CPU
		{D338FD9F-262B-41BE-BABD-D73BA4626FDF}.Release|Any CPU.ActiveCfg = Release|Any CPU
		{D338FD9F-262B-41BE-BABD-D73BA4626FDF}.Release|Any CPU.Build.0 = Release|Any CPU
		{D338FD9F-262B-41BE-BABD-D73BA4626FDF}.Debug|iPhoneSimulator.ActiveCfg = Debug|Any CPU
		{D338FD9F-262B-41BE-BABD-D73BA4626FDF}.Debug|iPhoneSimulator.Build.0 = Debug|Any CPU
		{D338FD9F-262B-41BE-BABD-D73BA4626FDF}.Release|iPhoneSimulator.ActiveCfg = Release|Any CPU
		{D338FD9F-262B-41BE-BABD-D73BA4626FDF}.Release|iPhoneSimulator.Build.0 = Release|Any CPU
		{D338FD9F-262B-41BE-BABD-D73BA4626FDF}.Debug|iPhone.ActiveCfg = Debug|Any CPU
		{D338FD9F-262B-41BE-BABD-D73BA4626FDF}.Debug|iPhone.Build.0 = Debug|Any CPU
		{D338FD9F-262B-41BE-BABD-D73BA4626FDF}.Release|iPhone.ActiveCfg = Release|Any CPU
		{D338FD9F-262B-41BE-BABD-D73BA4626FDF}.Release|iPhone.Build.0 = Release|Any CPU
		{D338FD9F-262B-41BE-BABD-D73BA4626FDF}.Ad-Hoc|iPhone.ActiveCfg = Debug|Any CPU
		{D338FD9F-262B-41BE-BABD-D73BA4626FDF}.Ad-Hoc|iPhone.Build.0 = Debug|Any CPU
		{D338FD9F-262B-41BE-BABD-D73BA4626FDF}.AppStore|iPhone.ActiveCfg = Debug|Any CPU
		{D338FD9F-262B-41BE-BABD-D73BA4626FDF}.AppStore|iPhone.Build.0 = Debug|Any CPU
		{F634E2C6-1268-4E51-ABD1-C94271CA6EF9}.Debug|Any CPU.ActiveCfg = Debug|iPhoneSimulator
		{F634E2C6-1268-4E51-ABD1-C94271CA6EF9}.Debug|Any CPU.Build.0 = Debug|iPhoneSimulator
		{F634E2C6-1268-4E51-ABD1-C94271CA6EF9}.Release|Any CPU.ActiveCfg = Release|iPhoneSimulator
		{F634E2C6-1268-4E51-ABD1-C94271CA6EF9}.Release|Any CPU.Build.0 = Release|iPhoneSimulator
		{F634E2C6-1268-4E51-ABD1-C94271CA6EF9}.Debug|iPhoneSimulator.ActiveCfg = Debug|iPhoneSimulator
		{F634E2C6-1268-4E51-ABD1-C94271CA6EF9}.Debug|iPhoneSimulator.Build.0 = Debug|iPhoneSimulator
		{F634E2C6-1268-4E51-ABD1-C94271CA6EF9}.Release|iPhoneSimulator.ActiveCfg = Release|iPhoneSimulator
		{F634E2C6-1268-4E51-ABD1-C94271CA6EF9}.Release|iPhoneSimulator.Build.0 = Release|iPhoneSimulator
		{F634E2C6-1268-4E51-ABD1-C94271CA6EF9}.Debug|iPhone.ActiveCfg = Debug|iPhone
		{F634E2C6-1268-4E51-ABD1-C94271CA6EF9}.Debug|iPhone.Build.0 = Debug|iPhone
		{F634E2C6-1268-4E51-ABD1-C94271CA6EF9}.Release|iPhone.ActiveCfg = Release|iPhone
		{F634E2C6-1268-4E51-ABD1-C94271CA6EF9}.Release|iPhone.Build.0 = Release|iPhone
		{F634E2C6-1268-4E51-ABD1-C94271CA6EF9}.Ad-Hoc|iPhone.ActiveCfg = Ad-Hoc|iPhone
		{F634E2C6-1268-4E51-ABD1-C94271CA6EF9}.Ad-Hoc|iPhone.Build.0 = Ad-Hoc|iPhone
		{F634E2C6-1268-4E51-ABD1-C94271CA6EF9}.AppStore|iPhone.ActiveCfg = AppStore|iPhone
		{F634E2C6-1268-4E51-ABD1-C94271CA6EF9}.AppStore|iPhone.Build.0 = AppStore|iPhone
		{D9C64790-FCC5-404A-A3AC-901DF227E435}.Debug|Any CPU.ActiveCfg = Debug|Any CPU
		{D9C64790-FCC5-404A-A3AC-901DF227E435}.Debug|Any CPU.Build.0 = Debug|Any CPU
		{D9C64790-FCC5-404A-A3AC-901DF227E435}.Release|Any CPU.ActiveCfg = Release|Any CPU
		{D9C64790-FCC5-404A-A3AC-901DF227E435}.Release|Any CPU.Build.0 = Release|Any CPU
		{D9C64790-FCC5-404A-A3AC-901DF227E435}.Debug|iPhoneSimulator.ActiveCfg = Debug|Any CPU
		{D9C64790-FCC5-404A-A3AC-901DF227E435}.Debug|iPhoneSimulator.Build.0 = Debug|Any CPU
		{D9C64790-FCC5-404A-A3AC-901DF227E435}.Release|iPhoneSimulator.ActiveCfg = Release|Any CPU
		{D9C64790-FCC5-404A-A3AC-901DF227E435}.Release|iPhoneSimulator.Build.0 = Release|Any CPU
		{D9C64790-FCC5-404A-A3AC-901DF227E435}.Debug|iPhone.ActiveCfg = Debug|Any CPU
		{D9C64790-FCC5-404A-A3AC-901DF227E435}.Debug|iPhone.Build.0 = Debug|Any CPU
		{D9C64790-FCC5-404A-A3AC-901DF227E435}.Release|iPhone.ActiveCfg = Release|Any CPU
		{D9C64790-FCC5-404A-A3AC-901DF227E435}.Release|iPhone.Build.0 = Release|Any CPU
		{D9C64790-FCC5-404A-A3AC-901DF227E435}.Ad-Hoc|iPhone.ActiveCfg = Debug|Any CPU
		{D9C64790-FCC5-404A-A3AC-901DF227E435}.Ad-Hoc|iPhone.Build.0 = Debug|Any CPU
		{D9C64790-FCC5-404A-A3AC-901DF227E435}.AppStore|iPhone.ActiveCfg = Debug|Any CPU
		{D9C64790-FCC5-404A-A3AC-901DF227E435}.AppStore|iPhone.Build.0 = Debug|Any CPU
	EndGlobalSection
EndGlobal
